// !$*UTF8*$!
{
	archiveVersion = 1;
	classes = {
	};
	objectVersion = 46;
	objects = {

/* Begin PBXBuildFile section */
		0501A989191AD52E0012A50B /* Foundation.framework in Frameworks */ = {isa = PBXBuildFile; fileRef = 0501A988191AD52E0012A50B /* Foundation.framework */; };
		0501A98B191AD52E0012A50B /* CoreGraphics.framework in Frameworks */ = {isa = PBXBuildFile; fileRef = 0501A98A191AD52E0012A50B /* CoreGraphics.framework */; };
		0501A98D191AD52E0012A50B /* UIKit.framework in Frameworks */ = {isa = PBXBuildFile; fileRef = 0501A98C191AD52E0012A50B /* UIKit.framework */; };
		0501A993191AD52E0012A50B /* InfoPlist.strings in Resources */ = {isa = PBXBuildFile; fileRef = 0501A991191AD52E0012A50B /* InfoPlist.strings */; };
		0501A995191AD52E0012A50B /* main.m in Sources */ = {isa = PBXBuildFile; fileRef = 0501A994191AD52E0012A50B /* main.m */; };
		0501A999191AD52E0012A50B /* AppDelegate.m in Sources */ = {isa = PBXBuildFile; fileRef = 0501A998191AD52E0012A50B /* AppDelegate.m */; };
		0501A99C191AD52E0012A50B /* Main.storyboard in Resources */ = {isa = PBXBuildFile; fileRef = 0501A99A191AD52E0012A50B /* Main.storyboard */; };
		0501A99F191AD52E0012A50B /* ViewController.m in Sources */ = {isa = PBXBuildFile; fileRef = 0501A99E191AD52E0012A50B /* ViewController.m */; };
		0501A9A1191AD52E0012A50B /* Images.xcassets in Resources */ = {isa = PBXBuildFile; fileRef = 0501A9A0191AD52E0012A50B /* Images.xcassets */; };
		0501A9C1191AD83D0012A50B /* MediaPlayer.framework in Frameworks */ = {isa = PBXBuildFile; fileRef = 0501A9C0191AD83D0012A50B /* MediaPlayer.framework */; };
		0501A9C3191AE57B0012A50B /* Videos in Resources */ = {isa = PBXBuildFile; fileRef = 0501A9C2191AE57B0012A50B /* Videos */; };
		0501A9C6191AEC2F0012A50B /* VideoPlayerModel.m in Sources */ = {isa = PBXBuildFile; fileRef = 0501A9C5191AEC2F0012A50B /* VideoPlayerModel.m */; };
/* End PBXBuildFile section */

/* Begin PBXFileReference section */
		0501A985191AD52E0012A50B /* Video Player.app */ = {isa = PBXFileReference; explicitFileType = wrapper.application; includeInIndex = 0; path = "Video Player.app"; sourceTree = BUILT_PRODUCTS_DIR; };
		0501A988191AD52E0012A50B /* Foundation.framework */ = {isa = PBXFileReference; lastKnownFileType = wrapper.framework; name = Foundation.framework; path = System/Library/Frameworks/Foundation.framework; sourceTree = SDKROOT; };
		0501A98A191AD52E0012A50B /* CoreGraphics.framework */ = {isa = PBXFileReference; lastKnownFileType = wrapper.framework; name = CoreGraphics.framework; path = System/Library/Frameworks/CoreGraphics.framework; sourceTree = SDKROOT; };
		0501A98C191AD52E0012A50B /* UIKit.framework */ = {isa = PBXFileReference; lastKnownFileType = wrapper.framework; name = UIKit.framework; path = System/Library/Frameworks/UIKit.framework; sourceTree = SDKROOT; };
		0501A990191AD52E0012A50B /* SimpleVideoPlayer-Info.plist */ = {isa = PBXFileReference; lastKnownFileType = text.plist.xml; path = "SimpleVideoPlayer-Info.plist"; sourceTree = "<group>"; };
		0501A992191AD52E0012A50B /* en */ = {isa = PBXFileReference; lastKnownFileType = text.plist.strings; name = en; path = en.lproj/InfoPlist.strings; sourceTree = "<group>"; };
		0501A994191AD52E0012A50B /* main.m */ = {isa = PBXFileReference; lastKnownFileType = sourcecode.c.objc; path = main.m; sourceTree = "<group>"; };
		0501A996191AD52E0012A50B /* SimpleVideoPlayer-Prefix.pch */ = {isa = PBXFileReference; lastKnownFileType = sourcecode.c.h; path = "SimpleVideoPlayer-Prefix.pch"; sourceTree = "<group>"; };
		0501A997191AD52E0012A50B /* AppDelegate.h */ = {isa = PBXFileReference; lastKnownFileType = sourcecode.c.h; path = AppDelegate.h; sourceTree = "<group>"; };
		0501A998191AD52E0012A50B /* AppDelegate.m */ = {isa = PBXFileReference; lastKnownFileType = sourcecode.c.objc; path = AppDelegate.m; sourceTree = "<group>"; };
		0501A99B191AD52E0012A50B /* Base */ = {isa = PBXFileReference; lastKnownFileType = file.storyboard; name = Base; path = Base.lproj/Main.storyboard; sourceTree = "<group>"; };
		0501A99D191AD52E0012A50B /* ViewController.h */ = {isa = PBXFileReference; lastKnownFileType = sourcecode.c.h; path = ViewController.h; sourceTree = "<group>"; };
		0501A99E191AD52E0012A50B /* ViewController.m */ = {isa = PBXFileReference; lastKnownFileType = sourcecode.c.objc; path = ViewController.m; sourceTree = "<group>"; };
		0501A9A0191AD52E0012A50B /* Images.xcassets */ = {isa = PBXFileReference; lastKnownFileType = folder.assetcatalog; path = Images.xcassets; sourceTree = "<group>"; };
		0501A9A7191AD52E0012A50B /* XCTest.framework */ = {isa = PBXFileReference; lastKnownFileType = wrapper.framework; name = XCTest.framework; path = Library/Frameworks/XCTest.framework; sourceTree = DEVELOPER_DIR; };
		0501A9AF191AD52E0012A50B /* SimpleVideoPlayerTests-Info.plist */ = {isa = PBXFileReference; lastKnownFileType = text.plist.xml; path = "SimpleVideoPlayerTests-Info.plist"; sourceTree = "<group>"; };
		0501A9B1191AD52E0012A50B /* en */ = {isa = PBXFileReference; lastKnownFileType = text.plist.strings; name = en; path = en.lproj/InfoPlist.strings; sourceTree = "<group>"; };
		0501A9B3191AD52E0012A50B /* SimpleVideoPlayerTests.m */ = {isa = PBXFileReference; lastKnownFileType = sourcecode.c.objc; path = SimpleVideoPlayerTests.m; sourceTree = "<group>"; };
		0501A9C0191AD83D0012A50B /* MediaPlayer.framework */ = {isa = PBXFileReference; lastKnownFileType = wrapper.framework; name = MediaPlayer.framework; path = System/Library/Frameworks/MediaPlayer.framework; sourceTree = SDKROOT; };
		0501A9C2191AE57B0012A50B /* Videos */ = {isa = PBXFileReference; lastKnownFileType = folder; path = Videos; sourceTree = "<group>"; };
		0501A9C4191AEC2F0012A50B /* VideoPlayerModel.h */ = {isa = PBXFileReference; fileEncoding = 4; lastKnownFileType = sourcecode.c.h; path = VideoPlayerModel.h; sourceTree = "<group>"; };
		0501A9C5191AEC2F0012A50B /* VideoPlayerModel.m */ = {isa = PBXFileReference; fileEncoding = 4; lastKnownFileType = sourcecode.c.objc; path = VideoPlayerModel.m; sourceTree = "<group>"; };
/* End PBXFileReference section */

/* Begin PBXFrameworksBuildPhase section */
		0501A982191AD52E0012A50B /* Frameworks */ = {
			isa = PBXFrameworksBuildPhase;
			buildActionMask = 2147483647;
			files = (
				0501A9C1191AD83D0012A50B /* MediaPlayer.framework in Frameworks */,
				0501A98B191AD52E0012A50B /* CoreGraphics.framework in Frameworks */,
				0501A98D191AD52E0012A50B /* UIKit.framework in Frameworks */,
				0501A989191AD52E0012A50B /* Foundation.framework in Frameworks */,
			);
			runOnlyForDeploymentPostprocessing = 0;
		};
/* End PBXFrameworksBuildPhase section */

/* Begin PBXGroup section */
		0501A97C191AD52E0012A50B = {
			isa = PBXGroup;
			children = (
				0501A98E191AD52E0012A50B /* SimpleVideoPlayer */,
				0501A9AD191AD52E0012A50B /* SimpleVideoPlayerTests */,
				0501A987191AD52E0012A50B /* Frameworks */,
				0501A986191AD52E0012A50B /* Products */,
			);
			sourceTree = "<group>";
		};
		0501A986191AD52E0012A50B /* Products */ = {
			isa = PBXGroup;
			children = (
				0501A985191AD52E0012A50B /* Video Player.app */,
			);
			name = Products;
			sourceTree = "<group>";
		};
		0501A987191AD52E0012A50B /* Frameworks */ = {
			isa = PBXGroup;
			children = (
				0501A9C0191AD83D0012A50B /* MediaPlayer.framework */,
				0501A988191AD52E0012A50B /* Foundation.framework */,
				0501A98A191AD52E0012A50B /* CoreGraphics.framework */,
				0501A98C191AD52E0012A50B /* UIKit.framework */,
				0501A9A7191AD52E0012A50B /* XCTest.framework */,
			);
			name = Frameworks;
			sourceTree = "<group>";
		};
		0501A98E191AD52E0012A50B /* SimpleVideoPlayer */ = {
			isa = PBXGroup;
			children = (
				0501A9C2191AE57B0012A50B /* Videos */,
				0501A997191AD52E0012A50B /* AppDelegate.h */,
				0501A998191AD52E0012A50B /* AppDelegate.m */,
				0501A99A191AD52E0012A50B /* Main.storyboard */,
				0501A99D191AD52E0012A50B /* ViewController.h */,
				0501A99E191AD52E0012A50B /* ViewController.m */,
				0501A9C4191AEC2F0012A50B /* VideoPlayerModel.h */,
				0501A9C5191AEC2F0012A50B /* VideoPlayerModel.m */,
				0501A9A0191AD52E0012A50B /* Images.xcassets */,
				0501A98F191AD52E0012A50B /* Supporting Files */,
			);
			path = SimpleVideoPlayer;
			sourceTree = "<group>";
		};
		0501A98F191AD52E0012A50B /* Supporting Files */ = {
			isa = PBXGroup;
			children = (
				0501A990191AD52E0012A50B /* SimpleVideoPlayer-Info.plist */,
				0501A991191AD52E0012A50B /* InfoPlist.strings */,
				0501A994191AD52E0012A50B /* main.m */,
				0501A996191AD52E0012A50B /* SimpleVideoPlayer-Prefix.pch */,
			);
			name = "Supporting Files";
			sourceTree = "<group>";
		};
		0501A9AD191AD52E0012A50B /* SimpleVideoPlayerTests */ = {
			isa = PBXGroup;
			children = (
				0501A9B3191AD52E0012A50B /* SimpleVideoPlayerTests.m */,
				0501A9AE191AD52E0012A50B /* Supporting Files */,
			);
			path = SimpleVideoPlayerTests;
			sourceTree = "<group>";
		};
		0501A9AE191AD52E0012A50B /* Supporting Files */ = {
			isa = PBXGroup;
			children = (
				0501A9AF191AD52E0012A50B /* SimpleVideoPlayerTests-Info.plist */,
				0501A9B0191AD52E0012A50B /* InfoPlist.strings */,
			);
			name = "Supporting Files";
			sourceTree = "<group>";
		};
/* End PBXGroup section */

/* Begin PBXNativeTarget section */
		0501A984191AD52E0012A50B /* Video Player */ = {
			isa = PBXNativeTarget;
			buildConfigurationList = 0501A9B7191AD52E0012A50B /* Build configuration list for PBXNativeTarget "Video Player" */;
			buildPhases = (
				0501A981191AD52E0012A50B /* Sources */,
				0501A982191AD52E0012A50B /* Frameworks */,
				0501A983191AD52E0012A50B /* Resources */,
			);
			buildRules = (
			);
			dependencies = (
			);
			name = "Video Player";
			productName = SimpleVideoPlayer;
			productReference = 0501A985191AD52E0012A50B /* Video Player.app */;
			productType = "com.apple.product-type.application";
		};
/* End PBXNativeTarget section */

/* Begin PBXProject section */
		0501A97D191AD52E0012A50B /* Project object */ = {
			isa = PBXProject;
			attributes = {
				LastUpgradeCheck = 0510;
				ORGANIZATIONNAME = "Troy W";
			};
			buildConfigurationList = 0501A980191AD52E0012A50B /* Build configuration list for PBXProject "SimpleVideoPlayer" */;
			compatibilityVersion = "Xcode 3.2";
			developmentRegion = English;
			hasScannedForEncodings = 0;
			knownRegions = (
				en,
				Base,
			);
			mainGroup = 0501A97C191AD52E0012A50B;
			productRefGroup = 0501A986191AD52E0012A50B /* Products */;
			projectDirPath = "";
			projectRoot = "";
			targets = (
				0501A984191AD52E0012A50B /* Video Player */,
			);
		};
/* End PBXProject section */

/* Begin PBXResourcesBuildPhase section */
		0501A983191AD52E0012A50B /* Resources */ = {
			isa = PBXResourcesBuildPhase;
			buildActionMask = 2147483647;
			files = (
				0501A9C3191AE57B0012A50B /* Videos in Resources */,
				0501A9A1191AD52E0012A50B /* Images.xcassets in Resources */,
				0501A993191AD52E0012A50B /* InfoPlist.strings in Resources */,
				0501A99C191AD52E0012A50B /* Main.storyboard in Resources */,
			);
			runOnlyForDeploymentPostprocessing = 0;
		};
/* End PBXResourcesBuildPhase section */

/* Begin PBXSourcesBuildPhase section */
		0501A981191AD52E0012A50B /* Sources */ = {
			isa = PBXSourcesBuildPhase;
			buildActionMask = 2147483647;
			files = (
				0501A99F191AD52E0012A50B /* ViewController.m in Sources */,
				0501A9C6191AEC2F0012A50B /* VideoPlayerModel.m in Sources */,
				0501A999191AD52E0012A50B /* AppDelegate.m in Sources */,
				0501A995191AD52E0012A50B /* main.m in Sources */,
			);
			runOnlyForDeploymentPostprocessing = 0;
		};
/* End PBXSourcesBuildPhase section */

/* Begin PBXVariantGroup section */
		0501A991191AD52E0012A50B /* InfoPlist.strings */ = {
			isa = PBXVariantGroup;
			children = (
				0501A992191AD52E0012A50B /* en */,
			);
			name = InfoPlist.strings;
			sourceTree = "<group>";
		};
		0501A99A191AD52E0012A50B /* Main.storyboard */ = {
			isa = PBXVariantGroup;
			children = (
				0501A99B191AD52E0012A50B /* Base */,
			);
			name = Main.storyboard;
			sourceTree = "<group>";
		};
		0501A9B0191AD52E0012A50B /* InfoPlist.strings */ = {
			isa = PBXVariantGroup;
			children = (
				0501A9B1191AD52E0012A50B /* en */,
			);
			name = InfoPlist.strings;
			sourceTree = "<group>";
		};
/* End PBXVariantGroup section */

/* Begin XCBuildConfiguration section */
		0501A9B5191AD52E0012A50B /* Debug */ = {
			isa = XCBuildConfiguration;
			buildSettings = {
				ALWAYS_SEARCH_USER_PATHS = NO;
				CLANG_CXX_LANGUAGE_STANDARD = "gnu++0x";
				CLANG_CXX_LIBRARY = "libc++";
				CLANG_ENABLE_MODULES = YES;
				CLANG_ENABLE_OBJC_ARC = YES;
				CLANG_WARN_BOOL_CONVERSION = YES;
				CLANG_WARN_CONSTANT_CONVERSION = YES;
				CLANG_WARN_DIRECT_OBJC_ISA_USAGE = YES_ERROR;
				CLANG_WARN_EMPTY_BODY = YES;
				CLANG_WARN_ENUM_CONVERSION = YES;
				CLANG_WARN_INT_CONVERSION = YES;
				CLANG_WARN_OBJC_ROOT_CLASS = YES_ERROR;
				CLANG_WARN__DUPLICATE_METHOD_MATCH = YES;
				"CODE_SIGN_IDENTITY[sdk=iphoneos*]" = "iPhone Developer";
				COPY_PHASE_STRIP = NO;
				GCC_C_LANGUAGE_STANDARD = gnu99;
				GCC_DYNAMIC_NO_PIC = NO;
				GCC_OPTIMIZATION_LEVEL = 0;
				GCC_PREPROCESSOR_DEFINITIONS = (
					"DEBUG=1",
					"$(inherited)",
				);
				GCC_SYMBOLS_PRIVATE_EXTERN = NO;
				GCC_WARN_64_TO_32_BIT_CONVERSION = YES;
				GCC_WARN_ABOUT_RETURN_TYPE = YES_ERROR;
				GCC_WARN_UNDECLARED_SELECTOR = YES;
				GCC_WARN_UNINITIALIZED_AUTOS = YES_AGGRESSIVE;
				GCC_WARN_UNUSED_FUNCTION = YES;
				GCC_WARN_UNUSED_VARIABLE = YES;
				IPHONEOS_DEPLOYMENT_TARGET = 6.1;
				ONLY_ACTIVE_ARCH = YES;
				SDKROOT = iphoneos;
			};
			name = Debug;
		};
		0501A9B6191AD52E0012A50B /* Release */ = {
			isa = XCBuildConfiguration;
			buildSettings = {
				ALWAYS_SEARCH_USER_PATHS = NO;
				CLANG_CXX_LANGUAGE_STANDARD = "gnu++0x";
				CLANG_CXX_LIBRARY = "libc++";
				CLANG_ENABLE_MODULES = YES;
				CLANG_ENABLE_OBJC_ARC = YES;
				CLANG_WARN_BOOL_CONVERSION = YES;
				CLANG_WARN_CONSTANT_CONVERSION = YES;
				CLANG_WARN_DIRECT_OBJC_ISA_USAGE = YES_ERROR;
				CLANG_WARN_EMPTY_BODY = YES;
				CLANG_WARN_ENUM_CONVERSION = YES;
				CLANG_WARN_INT_CONVERSION = YES;
				CLANG_WARN_OBJC_ROOT_CLASS = YES_ERROR;
				CLANG_WARN__DUPLICATE_METHOD_MATCH = YES;
				"CODE_SIGN_IDENTITY[sdk=iphoneos*]" = "iPhone Developer";
				COPY_PHASE_STRIP = YES;
				ENABLE_NS_ASSERTIONS = NO;
				GCC_C_LANGUAGE_STANDARD = gnu99;
				GCC_WARN_64_TO_32_BIT_CONVERSION = YES;
				GCC_WARN_ABOUT_RETURN_TYPE = YES_ERROR;
				GCC_WARN_UNDECLARED_SELECTOR = YES;
				GCC_WARN_UNINITIALIZED_AUTOS = YES_AGGRESSIVE;
				GCC_WARN_UNUSED_FUNCTION = YES;
				GCC_WARN_UNUSED_VARIABLE = YES;
				IPHONEOS_DEPLOYMENT_TARGET = 6.1;
				SDKROOT = iphoneos;
				VALIDATE_PRODUCT = YES;
			};
			name = Release;
		};
		0501A9B8191AD52E0012A50B /* Debug */ = {
			isa = XCBuildConfiguration;
			buildSettings = {
				ASSETCATALOG_COMPILER_APPICON_NAME = AppIcon;
				ASSETCATALOG_COMPILER_LAUNCHIMAGE_NAME = LaunchImage;
				GCC_PRECOMPILE_PREFIX_HEADER = YES;
				GCC_PREFIX_HEADER = "SimpleVideoPlayer/SimpleVideoPlayer-Prefix.pch";
				INFOPLIST_FILE = "SimpleVideoPlayer/SimpleVideoPlayer-Info.plist";
				PRODUCT_NAME = "$(TARGET_NAME)";
				WRAPPER_EXTENSION = app;
			};
			name = Debug;
		};
		0501A9B9191AD52E0012A50B /* Release */ = {
			isa = XCBuildConfiguration;
			buildSettings = {
				ASSETCATALOG_COMPILER_APPICON_NAME = AppIcon;
				ASSETCATALOG_COMPILER_LAUNCHIMAGE_NAME = LaunchImage;
				GCC_PRECOMPILE_PREFIX_HEADER = YES;
				GCC_PREFIX_HEADER = "SimpleVideoPlayer/SimpleVideoPlayer-Prefix.pch";
				INFOPLIST_FILE = "SimpleVideoPlayer/SimpleVideoPlayer-Info.plist";
				PRODUCT_NAME = "$(TARGET_NAME)";
				WRAPPER_EXTENSION = app;
			};
			name = Release;
		};
/* End XCBuildConfiguration section */

/* Begin XCConfigurationList section */
		0501A980191AD52E0012A50B /* Build configuration list for PBXProject "SimpleVideoPlayer" */ = {
			isa = XCConfigurationList;
			buildConfigurations = (
				0501A9B5191AD52E0012A50B /* Debug */,
				0501A9B6191AD52E0012A50B /* Release */,
			);
			defaultConfigurationIsVisible = 0;
			defaultConfigurationName = Release;
		};
		0501A9B7191AD52E0012A50B /* Build configuration list for PBXNativeTarget "Video Player" */ = {
			isa = XCConfigurationList;
			buildConfigurations = (
				0501A9B8191AD52E0012A50B /* Debug */,
				0501A9B9191AD52E0012A50B /* Release */,
			);
			defaultConfigurationIsVisible = 0;
			defaultConfigurationName = Release;
		};
/* End XCConfigurationList section */
	};
	rootObject = 0501A97D191AD52E0012A50B /* Project object */;
}
